Microsoft Visual Studio Solution File, Format Version 12.00
# Visual Studio Version 17
VisualStudioVersion = 17.13.35913.81
MinimumVisualStudioVersion = 10.0.40219.1
Project("{FAE04EC0-301F-11D3-BF4B-00C04F79EFBC}") = "Lyt.Avalonia.AstroPic.Desktop", "Lyt.Avalonia.AstroPic.Desktop\Lyt.Avalonia.AstroPic.Desktop.csproj", "{134747B8-7895-CB37-6197-FF6BF55529C1}"
EndProject
Project("{FAE04EC0-301F-11D3-BF4B-00C04F79EFBC}") = "Lyt.Avalonia.Controls", "..\Lyt.Avalonia.Framework\Lyt.Avalonia.Controls\Lyt.Avalonia.Controls.csproj", "{A5FD95FE-BA53-5216-BB36-BD32F6F2CC69}"
EndProject
Project("{2150E333-8FDC-42A3-9474-1A3956D46DE8}") = "Framework", "Framework", "{02EA681E-C7D8-13C7-8484-4AC65E1B71E8}"
EndProject
Project("{FAE04EC0-301F-11D3-BF4B-00C04F79EFBC}") = "Lyt.Avalonia.Interfaces", "..\Lyt.Avalonia.Framework\Lyt.Avalonia.Interfaces\Lyt.Avalonia.Interfaces.csproj", "{84348305-09AE-B498-0B0B-4AB92A507F18}"
EndProject
Project("{FAE04EC0-301F-11D3-BF4B-00C04F79EFBC}") = "Lyt.Avalonia.Model", "..\Lyt.Avalonia.Framework\Lyt.Avalonia.Model\Lyt.Avalonia.Model.csproj", "{23D7C576-1B7F-29D1-543F-AF7BDC497A79}"
EndProject
Project("{FAE04EC0-301F-11D3-BF4B-00C04F79EFBC}") = "Lyt.Avalonia.Mvvm", "..\Lyt.Avalonia.Framework\Lyt.Avalonia.Mvvm\Lyt.Avalonia.Mvvm.csproj", "{9C34DA41-0836-77C1-6BE5-37F92A902C2F}"
EndProject
Project("{FAE04EC0-301F-11D3-BF4B-00C04F79EFBC}") = "Lyt.Avalonia.Persistence", "..\Lyt.Avalonia.Framework\Lyt.Avalonia.Persistence\Lyt.Avalonia.Persistence.csproj", "{6C151D29-9502-21F6-3646-7D8EC1E556D6}"
EndProject
Project("{2150E333-8FDC-42A3-9474-1A3956D46DE8}") = "Solution Items", "Solution Items", "{184BED44-874B-4B60-A947-00E3EC9B53BA}"
	ProjectSection(SolutionItems) = preProject
		.gitignore = .gitignore
		AstroPicScreenshot.png = AstroPicScreenshot.png
		LICENSE = LICENSE
		README.md = README.md
	EndProjectSection
EndProject
Project("{FAE04EC0-301F-11D3-BF4B-00C04F79EFBC}") = "Lyt.Avalonia.AstroPic", "Lyt.Avalonia.AstroPic\Lyt.Avalonia.AstroPic.csproj", "{DC4D24E2-05F4-4191-9147-9255F6F3AC77}"
EndProject
Project("{FAE04EC0-301F-11D3-BF4B-00C04F79EFBC}") = "Lyt.Avalonia.Localizer", "..\Lyt.Avalonia.Framework\Lyt.Avalonia.Localizer\Lyt.Avalonia.Localizer.csproj", "{0FC1BB10-30C6-E701-E669-F5F2F393B3A6}"
EndProject
Project("{FAE04EC0-301F-11D3-BF4B-00C04F79EFBC}") = "Lyt.Avalonia.AstroPic.Model", "Lyt.Avalonia.AstroPic.Model\Lyt.Avalonia.AstroPic.Model.csproj", "{2193B3F2-5307-4E0D-BC53-6A6475AD2C88}"
EndProject
Project("{FAE04EC0-301F-11D3-BF4B-00C04F79EFBC}") = "Lyt.Avalonia.AstroPic.Service", "Lyt.Avalonia.AstroPic.Service\Lyt.Avalonia.AstroPic.Service.csproj", "{3E4F2A8E-24AE-494F-8841-F4E2428988C1}"
EndProject
Project("{FAE04EC0-301F-11D3-BF4B-00C04F79EFBC}") = "Lyt.Avalonia.AstroPic.Interfaces", "Lyt.Avalonia.AstroPic.Interfaces\Lyt.Avalonia.AstroPic.Interfaces.csproj", "{CDF594CF-07BE-4A48-8F1E-56FFEFF58C6B}"
EndProject
Project("{FAE04EC0-301F-11D3-BF4B-00C04F79EFBC}") = "Lyt.Avalonia.AstroPic.Windows", "Lyt.Avalonia.AstroPic.Windows\Lyt.Avalonia.AstroPic.Windows.csproj", "{DD1FC328-041B-4E54-B3AB-7887D323E24D}"
EndProject
Project("{FAE04EC0-301F-11D3-BF4B-00C04F79EFBC}") = "Lyt.Avalonia.AstroPic.MacOs", "Lyt.Avalonia.AstroPic.MacOs\Lyt.Avalonia.AstroPic.MacOs.csproj", "{40D85047-DC0E-4B84-B87E-DAC18DCDC958}"
EndProject
Global
	GlobalSection(SolutionConfigurationPlatforms) = preSolution
		Debug|Any CPU = Debug|Any CPU
		Release|Any CPU = Release|Any CPU
	EndGlobalSection
	GlobalSection(ProjectConfigurationPlatforms) = postSolution
		{134747B8-7895-CB37-6197-FF6BF55529C1}.Debug|Any CPU.ActiveCfg = Debug|Any CPU
		{134747B8-7895-CB37-6197-FF6BF55529C1}.Debug|Any CPU.Build.0 = Debug|Any CPU
		{134747B8-7895-CB37-6197-FF6BF55529C1}.Release|Any CPU.ActiveCfg = Release|Any CPU
		{134747B8-7895-CB37-6197-FF6BF55529C1}.Release|Any CPU.Build.0 = Release|Any CPU
		{A5FD95FE-BA53-5216-BB36-BD32F6F2CC69}.Debug|Any CPU.ActiveCfg = Debug|Any CPU
		{A5FD95FE-BA53-5216-BB36-BD32F6F2CC69}.Debug|Any CPU.Build.0 = Debug|Any CPU
		{A5FD95FE-BA53-5216-BB36-BD32F6F2CC69}.Release|Any CPU.ActiveCfg = Release|Any CPU
		{A5FD95FE-BA53-5216-BB36-BD32F6F2CC69}.Release|Any CPU.Build.0 = Release|Any CPU
		{84348305-09AE-B498-0B0B-4AB92A507F18}.Debug|Any CPU.ActiveCfg = Debug|Any CPU
		{84348305-09AE-B498-0B0B-4AB92A507F18}.Debug|Any CPU.Build.0 = Debug|Any CPU
		{84348305-09AE-B498-0B0B-4AB92A507F18}.Release|Any CPU.ActiveCfg = Release|Any CPU
		{84348305-09AE-B498-0B0B-4AB92A507F18}.Release|Any CPU.Build.0 = Release|Any CPU
		{23D7C576-1B7F-29D1-543F-AF7BDC497A79}.Debug|Any CPU.ActiveCfg = Debug|Any CPU
		{23D7C576-1B7F-29D1-543F-AF7BDC497A79}.Debug|Any CPU.Build.0 = Debug|Any CPU
		{23D7C576-1B7F-29D1-543F-AF7BDC497A79}.Release|Any CPU.ActiveCfg = Release|Any CPU
		{23D7C576-1B7F-29D1-543F-AF7BDC497A79}.Release|Any CPU.Build.0 = Release|Any CPU
		{9C34DA41-0836-77C1-6BE5-37F92A902C2F}.Debug|Any CPU.ActiveCfg = Debug|Any CPU
		{9C34DA41-0836-77C1-6BE5-37F92A902C2F}.Debug|Any CPU.Build.0 = Debug|Any CPU
		{9C34DA41-0836-77C1-6BE5-37F92A902C2F}.Release|Any CPU.ActiveCfg = Release|Any CPU
		{9C34DA41-0836-77C1-6BE5-37F92A902C2F}.Release|Any CPU.Build.0 = Release|Any CPU
		{6C151D29-9502-21F6-3646-7D8EC1E556D6}.Debug|Any CPU.ActiveCfg = Debug|Any CPU
		{6C151D29-9502-21F6-3646-7D8EC1E556D6}.Debug|Any CPU.Build.0 = Debug|Any CPU
		{6C151D29-9502-21F6-3646-7D8EC1E556D6}.Release|Any CPU.ActiveCfg = Release|Any CPU
		{6C151D29-9502-21F6-3646-7D8EC1E556D6}.Release|Any CPU.Build.0 = Release|Any CPU
		{DC4D24E2-05F4-4191-9147-9255F6F3AC77}.Debug|Any CPU.ActiveCfg = Debug|Any CPU
		{DC4D24E2-05F4-4191-9147-9255F6F3AC77}.Debug|Any CPU.Build.0 = Debug|Any CPU
		{DC4D24E2-05F4-4191-9147-9255F6F3AC77}.Release|Any CPU.ActiveCfg = Release|Any CPU
		{DC4D24E2-05F4-4191-9147-9255F6F3AC77}.Release|Any CPU.Build.0 = Release|Any CPU
		{0FC1BB10-30C6-E701-E669-F5F2F393B3A6}.Debug|Any CPU.ActiveCfg = Debug|Any CPU
		{0FC1BB10-30C6-E701-E669-F5F2F393B3A6}.Debug|Any CPU.Build.0 = Debug|Any CPU
		{0FC1BB10-30C6-E701-E669-F5F2F393B3A6}.Release|Any CPU.ActiveCfg = Release|Any CPU
		{0FC1BB10-30C6-E701-E669-F5F2F393B3A6}.Release|Any CPU.Build.0 = Release|Any CPU
		{2193B3F2-5307-4E0D-BC53-6A6475AD2C88}.Debug|Any CPU.ActiveCfg = Debug|Any CPU
		{2193B3F2-5307-4E0D-BC53-6A6475AD2C88}.Debug|Any CPU.Build.0 = Debug|Any CPU
		{2193B3F2-5307-4E0D-BC53-6A6475AD2C88}.Release|Any CPU.ActiveCfg = Release|Any CPU
		{2193B3F2-5307-4E0D-BC53-6A6475AD2C88}.Release|Any CPU.Build.0 = Release|Any CPU
		{3E4F2A8E-24AE-494F-8841-F4E2428988C1}.Debug|Any CPU.ActiveCfg = Debug|Any CPU
		{3E4F2A8E-24AE-494F-8841-F4E2428988C1}.Debug|Any CPU.Build.0 = Debug|Any CPU
		{3E4F2A8E-24AE-494F-8841-F4E2428988C1}.Release|Any CPU.ActiveCfg = Release|Any CPU
		{3E4F2A8E-24AE-494F-8841-F4E2428988C1}.Release|Any CPU.Build.0 = Release|Any CPU
		{CDF594CF-07BE-4A48-8F1E-56FFEFF58C6B}.Debug|Any CPU.ActiveCfg = Debug|Any CPU
		{CDF594CF-07BE-4A48-8F1E-56FFEFF58C6B}.Debug|Any CPU.Build.0 = Debug|Any CPU
		{CDF594CF-07BE-4A48-8F1E-56FFEFF58C6B}.Release|Any CPU.ActiveCfg = Release|Any CPU
		{CDF594CF-07BE-4A48-8F1E-56FFEFF58C6B}.Release|Any CPU.Build.0 = Release|Any CPU
		{DD1FC328-041B-4E54-B3AB-7887D323E24D}.Debug|Any CPU.ActiveCfg = Debug|Any CPU
		{DD1FC328-041B-4E54-B3AB-7887D323E24D}.Debug|Any CPU.Build.0 = Debug|Any CPU
		{DD1FC328-041B-4E54-B3AB-7887D323E24D}.Release|Any CPU.ActiveCfg = Release|Any CPU
		{DD1FC328-041B-4E54-B3AB-7887D323E24D}.Release|Any CPU.Build.0 = Release|Any CPU
		{40D85047-DC0E-4B84-B87E-DAC18DCDC958}.Debug|Any CPU.ActiveCfg = Debug|Any CPU
		{40D85047-DC0E-4B84-B87E-DAC18DCDC958}.Debug|Any CPU.Build.0 = Debug|Any CPU
		{40D85047-DC0E-4B84-B87E-DAC18DCDC958}.Release|Any CPU.ActiveCfg = Release|Any CPU
		{40D85047-DC0E-4B84-B87E-DAC18DCDC958}.Release|Any CPU.Build.0 = Release|Any CPU
	EndGlobalSection
	GlobalSection(SolutionProperties) = preSolution
		HideSolutionNode = FALSE
	EndGlobalSection
	GlobalSection(NestedProjects) = preSolution
		{A5FD95FE-BA53-5216-BB36-BD32F6F2CC69} = {02EA681E-C7D8-13C7-8484-4AC65E1B71E8}
		{84348305-09AE-B498-0B0B-4AB92A507F18} = {02EA681E-C7D8-13C7-8484-4AC65E1B71E8}
		{23D7C576-1B7F-29D1-543F-AF7BDC497A79} = {02EA681E-C7D8-13C7-8484-4AC65E1B71E8}
		{9C34DA41-0836-77C1-6BE5-37F92A902C2F} = {02EA681E-C7D8-13C7-8484-4AC65E1B71E8}
		{6C151D29-9502-21F6-3646-7D8EC1E556D6} = {02EA681E-C7D8-13C7-8484-4AC65E1B71E8}
		{0FC1BB10-30C6-E701-E669-F5F2F393B3A6} = {02EA681E-C7D8-13C7-8484-4AC65E1B71E8}
	EndGlobalSection
	GlobalSection(ExtensibilityGlobals) = postSolution
		SolutionGuid = {9E3516D3-0E36-4C81-B932-CD881041D5CF}
	EndGlobalSection
EndGlobal
